
Microsoft Visual Studio Solution File, Format Version 12.00
# Visual Studio 2013
VisualStudioVersion = 12.0.21005.1
MinimumVisualStudioVersion = 10.0.40219.1
Project("{FAE04EC0-301F-11D3-BF4B-00C04F79EFBC}") = "Clase26032018", "Clase26032018\Clase26032018.csproj", "{F61973A2-4777-4F50-B76E-9C647DF379AB}"
EndProject
Project("{FAE04EC0-301F-11D3-BF4B-00C04F79EFBC}") = "Operaciones", "ClassLibrary1\Operaciones.csproj", "{D81CF3D5-FF99-4DC7-9628-DB1E9B12492A}"
EndProject
Global
	GlobalSection(SolutionConfigurationPlatforms) = preSolution
		Debug|Any CPU = Debug|Any CPU
		Release|Any CPU = Release|Any CPU
	EndGlobalSection
	GlobalSection(ProjectConfigurationPlatforms) = postSolution
		{F61973A2-4777-4F50-B76E-9C647DF379AB}.Debug|Any CPU.ActiveCfg = Debug|Any CPU
		{F61973A2-4777-4F50-B76E-9C647DF379AB}.Debug|Any CPU.Build.0 = Debug|Any CPU
		{F61973A2-4777-4F50-B76E-9C647DF379AB}.Release|Any CPU.ActiveCfg = Release|Any CPU
		{F61973A2-4777-4F50-B76E-9C647DF379AB}.Release|Any CPU.Build.0 = Release|Any CPU
		{D81CF3D5-FF99-4DC7-9628-DB1E9B12492A}.Debug|Any CPU.ActiveCfg = Debug|Any CPU
		{D81CF3D5-FF99-4DC7-9628-DB1E9B12492A}.Debug|Any CPU.Build.0 = Debug|Any CPU
		{D81CF3D5-FF99-4DC7-9628-DB1E9B12492A}.Release|Any CPU.ActiveCfg = Release|Any CPU
		{D81CF3D5-FF99-4DC7-9628-DB1E9B12492A}.Release|Any CPU.Build.0 = Release|Any CPU
	EndGlobalSection
	GlobalSection(SolutionProperties) = preSolution
		HideSolutionNode = FALSE
	EndGlobalSection
EndGlobal
